// !$*UTF8*$!
{
	archiveVersion = 1;
	classes = {
	};
	objectVersion = 46;
	objects = {

/* Begin PBXBuildFile section */
		042BD8CF1E12659D00746B1A /* main.m in Sources */ = {isa = PBXBuildFile; fileRef = 042BD8CE1E12659D00746B1A /* main.m */; };
		042BD8D21E12659D00746B1A /* AppDelegate.m in Sources */ = {isa = PBXBuildFile; fileRef = 042BD8D11E12659D00746B1A /* AppDelegate.m */; };
		042BD8D51E12659D00746B1A /* ViewController.m in Sources */ = {isa = PBXBuildFile; fileRef = 042BD8D41E12659D00746B1A /* ViewController.m */; };
		042BD8D81E12659D00746B1A /* Main.storyboard in Resources */ = {isa = PBXBuildFile; fileRef = 042BD8D61E12659D00746B1A /* Main.storyboard */; };
		042BD8DA1E12659D00746B1A /* Assets.xcassets in Resources */ = {isa = PBXBuildFile; fileRef = 042BD8D91E12659D00746B1A /* Assets.xcassets */; };
		042BD8DD1E12659D00746B1A /* LaunchScreen.storyboard in Resources */ = {isa = PBXBuildFile; fileRef = 042BD8DB1E12659D00746B1A /* LaunchScreen.storyboard */; };
		042BD8E61E1265E000746B1A /* CPictureShow.m in Sources */ = {isa = PBXBuildFile; fileRef = 042BD8E51E1265E000746B1A /* CPictureShow.m */; };
		042BD8EA1E126CA000746B1A /* PictureShowCell.m in Sources */ = {isa = PBXBuildFile; fileRef = 042BD8E81E126CA000746B1A /* PictureShowCell.m */; };
		042BD8EB1E126CA000746B1A /* PictureShowCell.xib in Resources */ = {isa = PBXBuildFile; fileRef = 042BD8E91E126CA000746B1A /* PictureShowCell.xib */; };
/* End PBXBuildFile section */

/* Begin PBXFileReference section */
		042BD8CA1E12659D00746B1A /* PictureShow.app */ = {isa = PBXFileReference; explicitFileType = wrapper.application; includeInIndex = 0; path = PictureShow.app; sourceTree = BUILT_PRODUCTS_DIR; };
		042BD8CE1E12659D00746B1A /* main.m */ = {isa = PBXFileReference; lastKnownFileType = sourcecode.c.objc; path = main.m; sourceTree = "<group>"; };
		042BD8D01E12659D00746B1A /* AppDelegate.h */ = {isa = PBXFileReference; lastKnownFileType = sourcecode.c.h; path = AppDelegate.h; sourceTree = "<group>"; };
		042BD8D11E12659D00746B1A /* AppDelegate.m */ = {isa = PBXFileReference; lastKnownFileType = sourcecode.c.objc; path = AppDelegate.m; sourceTree = "<group>"; };
		042BD8D31E12659D00746B1A /* ViewController.h */ = {isa = PBXFileReference; lastKnownFileType = sourcecode.c.h; path = ViewController.h; sourceTree = "<group>"; };
		042BD8D41E12659D00746B1A /* ViewController.m */ = {isa = PBXFileReference; lastKnownFileType = sourcecode.c.objc; path = ViewController.m; sourceTree = "<group>"; };
		042BD8D71E12659D00746B1A /* Base */ = {isa = PBXFileReference; lastKnownFileType = file.storyboard; name = Base; path = Base.lproj/Main.storyboard; sourceTree = "<group>"; };
		042BD8D91E12659D00746B1A /* Assets.xcassets */ = {isa = PBXFileReference; lastKnownFileType = folder.assetcatalog; path = Assets.xcassets; sourceTree = "<group>"; };
		042BD8DC1E12659D00746B1A /* Base */ = {isa = PBXFileReference; lastKnownFileType = file.storyboard; name = Base; path = Base.lproj/LaunchScreen.storyboard; sourceTree = "<group>"; };
		042BD8DE1E12659D00746B1A /* Info.plist */ = {isa = PBXFileReference; lastKnownFileType = text.plist.xml; path = Info.plist; sourceTree = "<group>"; };
		042BD8E41E1265E000746B1A /* CPictureShow.h */ = {isa = PBXFileReference; fileEncoding = 4; lastKnownFileType = sourcecode.c.h; path = CPictureShow.h; sourceTree = "<group>"; };
		042BD8E51E1265E000746B1A /* CPictureShow.m */ = {isa = PBXFileReference; fileEncoding = 4; lastKnownFileType = sourcecode.c.objc; path = CPictureShow.m; sourceTree = "<group>"; };
		042BD8E71E126CA000746B1A /* PictureShowCell.h */ = {isa = PBXFileReference; fileEncoding = 4; lastKnownFileType = sourcecode.c.h; path = PictureShowCell.h; sourceTree = "<group>"; };
		042BD8E81E126CA000746B1A /* PictureShowCell.m */ = {isa = PBXFileReference; fileEncoding = 4; lastKnownFileType = sourcecode.c.objc; path = PictureShowCell.m; sourceTree = "<group>"; };
		042BD8E91E126CA000746B1A /* PictureShowCell.xib */ = {isa = PBXFileReference; fileEncoding = 4; lastKnownFileType = file.xib; path = PictureShowCell.xib; sourceTree = "<group>"; };
/* End PBXFileReference section */

/* Begin PBXFrameworksBuildPhase section */
		042BD8C71E12659D00746B1A /* Frameworks */ = {
			isa = PBXFrameworksBuildPhase;
			buildActionMask = 2147483647;
			files = (
			);
			runOnlyForDeploymentPostprocessing = 0;
		};
/* End PBXFrameworksBuildPhase section */

/* Begin PBXGroup section */
		042BD8C11E12659D00746B1A = {
			isa = PBXGroup;
			children = (
				042BD8CC1E12659D00746B1A /* PictureShow */,
				042BD8CB1E12659D00746B1A /* Products */,
			);
			sourceTree = "<group>";
		};
		042BD8CB1E12659D00746B1A /* Products */ = {
			isa = PBXGroup;
			children = (
				042BD8CA1E12659D00746B1A /* PictureShow.app */,
			);
			name = Products;
			sourceTree = "<group>";
		};
		042BD8CC1E12659D00746B1A /* PictureShow */ = {
			isa = PBXGroup;
			children = (
				042BD8D01E12659D00746B1A /* AppDelegate.h */,
				042BD8D11E12659D00746B1A /* AppDelegate.m */,
				042BD8D31E12659D00746B1A /* ViewController.h */,
				042BD8D41E12659D00746B1A /* ViewController.m */,
				042BD8E41E1265E000746B1A /* CPictureShow.h */,
				042BD8E51E1265E000746B1A /* CPictureShow.m */,
				042BD8E71E126CA000746B1A /* PictureShowCell.h */,
				042BD8E81E126CA000746B1A /* PictureShowCell.m */,
				042BD8E91E126CA000746B1A /* PictureShowCell.xib */,
				042BD8D61E12659D00746B1A /* Main.storyboard */,
				042BD8D91E12659D00746B1A /* Assets.xcassets */,
				042BD8DB1E12659D00746B1A /* LaunchScreen.storyboard */,
				042BD8DE1E12659D00746B1A /* Info.plist */,
				042BD8CD1E12659D00746B1A /* Supporting Files */,
			);
			path = PictureShow;
			sourceTree = "<group>";
		};
		042BD8CD1E12659D00746B1A /* Supporting Files */ = {
			isa = PBXGroup;
			children = (
				042BD8CE1E12659D00746B1A /* main.m */,
			);
			name = "Supporting Files";
			sourceTree = "<group>";
		};
/* End PBXGroup section */

/* Begin PBXNativeTarget section */
		042BD8C91E12659D00746B1A /* PictureShow */ = {
			isa = PBXNativeTarget;
			buildConfigurationList = 042BD8E11E12659D00746B1A /* Build configuration list for PBXNativeTarget "PictureShow" */;
			buildPhases = (
				042BD8C61E12659D00746B1A /* Sources */,
				042BD8C71E12659D00746B1A /* Frameworks */,
				042BD8C81E12659D00746B1A /* Resources */,
			);
			buildRules = (
			);
			dependencies = (
			);
			name = PictureShow;
			productName = PictureShow;
			productReference = 042BD8CA1E12659D00746B1A /* PictureShow.app */;
			productType = "com.apple.product-type.application";
		};
/* End PBXNativeTarget section */

/* Begin PBXProject section */
		042BD8C21E12659D00746B1A /* Project object */ = {
			isa = PBXProject;
			attributes = {
				LastUpgradeCheck = 0820;
				ORGANIZATIONNAME = CYC;
				TargetAttributes = {
					042BD8C91E12659D00746B1A = {
						CreatedOnToolsVersion = 8.2;
						DevelopmentTeam = V298BW98S4;
						ProvisioningStyle = Automatic;
					};
				};
			};
			buildConfigurationList = 042BD8C51E12659D00746B1A /* Build configuration list for PBXProject "PictureShow" */;
			compatibilityVersion = "Xcode 3.2";
			developmentRegion = English;
			hasScannedForEncodings = 0;
			knownRegions = (
				en,
				Base,
			);
			mainGroup = 042BD8C11E12659D00746B1A;
			productRefGroup = 042BD8CB1E12659D00746B1A /* Products */;
			projectDirPath = "";
			projectRoot = "";
			targets = (
				042BD8C91E12659D00746B1A /* PictureShow */,
			);
		};
/* End PBXProject section */

/* Begin PBXResourcesBuildPhase section */
		042BD8C81E12659D00746B1A /* Resources */ = {
			isa = PBXResourcesBuildPhase;
			buildActionMask = 2147483647;
			files = (
				042BD8DD1E12659D00746B1A /* LaunchScreen.storyboard in Resources */,
				042BD8EB1E126CA000746B1A /* PictureShowCell.xib in Resources */,
				042BD8DA1E12659D00746B1A /* Assets.xcassets in Resources */,
				042BD8D81E12659D00746B1A /* Main.storyboard in Resources */,
			);
			runOnlyForDeploymentPostprocessing = 0;
		};
/* End PBXResourcesBuildPhase section */

/* Begin PBXSourcesBuildPhase section */
		042BD8C61E12659D00746B1A /* Sources */ = {
			isa = PBXSourcesBuildPhase;
			buildActionMask = 2147483647;
			files = (
				042BD8D51E12659D00746B1A /* ViewController.m in Sources */,
				042BD8E61E1265E000746B1A /* CPictureShow.m in Sources */,
				042BD8EA1E126CA000746B1A /* PictureShowCell.m in Sources */,
				042BD8D21E12659D00746B1A /* AppDelegate.m in Sources */,
				042BD8CF1E12659D00746B1A /* main.m in Sources */,
			);
			runOnlyForDeploymentPostprocessing = 0;
		};
/* End PBXSourcesBuildPhase section */

/* Begin PBXVariantGroup section */
		042BD8D61E12659D00746B1A /* Main.storyboard */ = {
			isa = PBXVariantGroup;
			children = (
				042BD8D71E12659D00746B1A /* Base */,
			);
			name = Main.storyboard;
			sourceTree = "<group>";
		};
		042BD8DB1E12659D00746B1A /* LaunchScreen.storyboard */ = {
			isa = PBXVariantGroup;
			children = (
				042BD8DC1E12659D00746B1A /* Base */,
			);
			name = LaunchScreen.storyboard;
			sourceTree = "<group>";
		};
/* End PBXVariantGroup section */

/* Begin XCBuildConfiguration section */
		042BD8DF1E12659D00746B1A /* Debug */ = {
			isa = XCBuildConfiguration;
			buildSettings = {
				ALWAYS_SEARCH_USER_PATHS = NO;
				CLANG_ANALYZER_NONNULL = YES;
				CLANG_CXX_LANGUAGE_STANDARD = "gnu++0x";
				CLANG_CXX_LIBRARY = "libc++";
				CLANG_ENABLE_MODULES = YES;
				CLANG_ENABLE_OBJC_ARC = YES;
				CLANG_WARN_BOOL_CONVERSION = YES;
				CLANG_WARN_CONSTANT_CONVERSION = YES;
				CLANG_WARN_DIRECT_OBJC_ISA_USAGE = YES_ERROR;
				CLANG_WARN_DOCUMENTATION_COMMENTS = YES;
				CLANG_WARN_EMPTY_BODY = YES;
				CLANG_WARN_ENUM_CONVERSION = YES;
				CLANG_WARN_INFINITE_RECURSION = YES;
				CLANG_WARN_INT_CONVERSION = YES;
				CLANG_WARN_OBJC_ROOT_CLASS = YES_ERROR;
				CLANG_WARN_SUSPICIOUS_MOVE = YES;
				CLANG_WARN_UNREACHABLE_CODE = YES;
				CLANG_WARN__DUPLICATE_METHOD_MATCH = YES;
				"CODE_SIGN_IDENTITY[sdk=iphoneos*]" = "iPhone Developer";
				COPY_PHASE_STRIP = NO;
				DEBUG_INFORMATION_FORMAT = dwarf;
				ENABLE_STRICT_OBJC_MSGSEND = YES;
				ENABLE_TESTABILITY = YES;
				GCC_C_LANGUAGE_STANDARD = gnu99;
				GCC_DYNAMIC_NO_PIC = NO;
				GCC_NO_COMMON_BLOCKS = YES;
				GCC_OPTIMIZATION_LEVEL = 0;
				GCC_PREPROCESSOR_DEFINITIONS = (
					"DEBUG=1",
					"$(inherited)",
				);
				GCC_WARN_64_TO_32_BIT_CONVERSION = YES;
				GCC_WARN_ABOUT_RETURN_TYPE = YES_ERROR;
				GCC_WARN_UNDECLARED_SELECTOR = YES;
				GCC_WARN_UNINITIALIZED_AUTOS = YES_AGGRESSIVE;
				GCC_WARN_UNUSED_FUNCTION = YES;
				GCC_WARN_UNUSED_VARIABLE = YES;
				IPHONEOS_DEPLOYMENT_TARGET = 10.2;
				MTL_ENABLE_DEBUG_INFO = YES;
				ONLY_ACTIVE_ARCH = YES;
				SDKROOT = iphoneos;
			};
			name = Debug;
		};
		042BD8E01E12659D00746B1A /* Release */ = {
			isa = XCBuildConfiguration;
			buildSettings = {
				ALWAYS_SEARCH_USER_PATHS = NO;
				CLANG_ANALYZER_NONNULL = YES;
				CLANG_CXX_LANGUAGE_STANDARD = "gnu++0x";
				CLANG_CXX_LIBRARY = "libc++";
				CLANG_ENABLE_MODULES = YES;
				CLANG_ENABLE_OBJC_ARC = YES;
				CLANG_WARN_BOOL_CONVERSION = YES;
				CLANG_WARN_CONSTANT_CONVERSION = YES;
				CLANG_WARN_DIRECT_OBJC_ISA_USAGE = YES_ERROR;
				CLANG_WARN_DOCUMENTATION_COMMENTS = YES;
				CLANG_WARN_EMPTY_BODY = YES;
				CLANG_WARN_ENUM_CONVERSION = YES;
				CLANG_WARN_INFINITE_RECURSION = YES;
				CLANG_WARN_INT_CONVERSION = YES;
				CLANG_WARN_OBJC_ROOT_CLASS = YES_ERROR;
				CLANG_WARN_SUSPICIOUS_MOVE = YES;
				CLANG_WARN_UNREACHABLE_CODE = YES;
				CLANG_WARN__DUPLICATE_METHOD_MATCH = YES;
				"CODE_SIGN_IDENTITY[sdk=iphoneos*]" = "iPhone Developer";
				COPY_PHASE_STRIP = NO;
				DEBUG_INFORMATION_FORMAT = "dwarf-with-dsym";
				ENABLE_NS_ASSERTIONS = NO;
				ENABLE_STRICT_OBJC_MSGSEND = YES;
				GCC_C_LANGUAGE_STANDARD = gnu99;
				GCC_NO_COMMON_BLOCKS = YES;
				GCC_WARN_64_TO_32_BIT_CONVERSION = YES;
				GCC_WARN_ABOUT_RETURN_TYPE = YES_ERROR;
				GCC_WARN_UNDECLARED_SELECTOR = YES;
				GCC_WARN_UNINITIALIZED_AUTOS = YES_AGGRESSIVE;
				GCC_WARN_UNUSED_FUNCTION = YES;
				GCC_WARN_UNUSED_VARIABLE = YES;
				IPHONEOS_DEPLOYMENT_TARGET = 10.2;
				MTL_ENABLE_DEBUG_INFO = NO;
				SDKROOT = iphoneos;
				VALIDATE_PRODUCT = YES;
			};
			name = Release;
		};
		042BD8E21E12659D00746B1A /* Debug */ = {
			isa = XCBuildConfiguration;
			buildSettings = {
				ASSETCATALOG_COMPILER_APPICON_NAME = AppIcon;
				DEVELOPMENT_TEAM = V298BW98S4;
				INFOPLIST_FILE = PictureShow/Info.plist;
				LD_RUNPATH_SEARCH_PATHS = "$(inherited) @executable_path/Frameworks";
				PRODUCT_BUNDLE_IDENTIFIER = com.CYC.PictureShow;
				PRODUCT_NAME = "$(TARGET_NAME)";
			};
			name = Debug;
		};
		042BD8E31E12659D00746B1A /* Release */ = {
			isa = XCBuildConfiguration;
			buildSettings = {
				ASSETCATALOG_COMPILER_APPICON_NAME = AppIcon;
				DEVELOPMENT_TEAM = V298BW98S4;
				INFOPLIST_FILE = PictureShow/Info.plist;
				LD_RUNPATH_SEARCH_PATHS = "$(inherited) @executable_path/Frameworks";
				PRODUCT_BUNDLE_IDENTIFIER = com.CYC.PictureShow;
				PRODUCT_NAME = "$(TARGET_NAME)";
			};
			name = Release;
		};
/* End XCBuildConfiguration section */

/* Begin XCConfigurationList section */
		042BD8C51E12659D00746B1A /* Build configuration list for PBXProject "PictureShow" */ = {
			isa = XCConfigurationList;
			buildConfigurations = (
				042BD8DF1E12659D00746B1A /* Debug */,
				042BD8E01E12659D00746B1A /* Release */,
			);
			defaultConfigurationIsVisible = 0;
			defaultConfigurationName = Release;
		};
		042BD8E11E12659D00746B1A /* Build configuration list for PBXNativeTarget "PictureShow" */ = {
			isa = XCConfigurationList;
			buildConfigurations = (
				042BD8E21E12659D00746B1A /* Debug */,
				042BD8E31E12659D00746B1A /* Release */,
			);
			defaultConfigurationIsVisible = 0;
		};
/* End XCConfigurationList section */
	};
	rootObject = 042BD8C21E12659D00746B1A /* Project object */;
}
